// !$*UTF8*$!
{
	archiveVersion = 1;
	classes = {
	};
	objectVersion = 46;
	objects = {

/* Begin PBXBuildFile section */
		22066E741ABB758600F6EB37 /* libSox.a in Frameworks */ = {isa = PBXBuildFile; fileRef = 22066E731ABB758600F6EB37 /* libSox.a */; };
		22A9133D1ABAA6D500429BA0 /* sox.h in Headers */ = {isa = PBXBuildFile; fileRef = 22A9133B1ABAA6D500429BA0 /* sox.h */; };
		22E9927E1AB4709F00CC92CA /* soxxamarinbindings.c in Sources */ = {isa = PBXBuildFile; fileRef = 22E9927C1AB4709F00CC92CA /* soxxamarinbindings.c */; };
		22E9927F1AB4709F00CC92CA /* soxxamarinbindings.h in Headers */ = {isa = PBXBuildFile; fileRef = 22E9927D1AB4709F00CC92CA /* soxxamarinbindings.h */; settings = {ATTRIBUTES = (Public, ); }; };
/* End PBXBuildFile section */

/* Begin PBXFileReference section */
		22066E731ABB758600F6EB37 /* libSox.a */ = {isa = PBXFileReference; lastKnownFileType = archive.ar; path = libSox.a; sourceTree = "<group>"; };
		22A9133B1ABAA6D500429BA0 /* sox.h */ = {isa = PBXFileReference; fileEncoding = 4; lastKnownFileType = sourcecode.c.h; path = sox.h; sourceTree = "<group>"; };
		22D9C4971ABA0EE200EB3B59 /* building_c_for_ios.sh */ = {isa = PBXFileReference; fileEncoding = 4; lastKnownFileType = text.script.sh; path = building_c_for_ios.sh; sourceTree = "<group>"; };
		22E992731AB4703F00CC92CA /* libXamarinSoxBindings.a */ = {isa = PBXFileReference; explicitFileType = archive.ar; includeInIndex = 0; path = libXamarinSoxBindings.a; sourceTree = BUILT_PRODUCTS_DIR; };
		22E9927C1AB4709F00CC92CA /* soxxamarinbindings.c */ = {isa = PBXFileReference; fileEncoding = 4; lastKnownFileType = sourcecode.c.c; path = soxxamarinbindings.c; sourceTree = "<group>"; };
		22E9927D1AB4709F00CC92CA /* soxxamarinbindings.h */ = {isa = PBXFileReference; fileEncoding = 4; lastKnownFileType = sourcecode.c.h; path = soxxamarinbindings.h; sourceTree = "<group>"; };
/* End PBXFileReference section */

/* Begin PBXFrameworksBuildPhase section */
		22E992701AB4703F00CC92CA /* Frameworks */ = {
			isa = PBXFrameworksBuildPhase;
			buildActionMask = 2147483647;
			files = (
				22066E741ABB758600F6EB37 /* libSox.a in Frameworks */,
			);
			runOnlyForDeploymentPostprocessing = 0;
		};
/* End PBXFrameworksBuildPhase section */

/* Begin PBXGroup section */
		22E9926A1AB4703F00CC92CA = {
			isa = PBXGroup;
			children = (
				22A9133B1ABAA6D500429BA0 /* sox.h */,
				22066E731ABB758600F6EB37 /* libSox.a */,
				22D9C4971ABA0EE200EB3B59 /* building_c_for_ios.sh */,
				22E9927C1AB4709F00CC92CA /* soxxamarinbindings.c */,
				22E9927D1AB4709F00CC92CA /* soxxamarinbindings.h */,
				22E992741AB4703F00CC92CA /* Products */,
			);
			sourceTree = "<group>";
		};
		22E992741AB4703F00CC92CA /* Products */ = {
			isa = PBXGroup;
			children = (
				22E992731AB4703F00CC92CA /* libXamarinSoxBindings.a */,
			);
			name = Products;
			sourceTree = "<group>";
		};
/* End PBXGroup section */

/* Begin PBXHeadersBuildPhase section */
		22E992711AB4703F00CC92CA /* Headers */ = {
			isa = PBXHeadersBuildPhase;
			buildActionMask = 2147483647;
			files = (
				22E9927F1AB4709F00CC92CA /* soxxamarinbindings.h in Headers */,
				22A9133D1ABAA6D500429BA0 /* sox.h in Headers */,
			);
			runOnlyForDeploymentPostprocessing = 0;
		};
/* End PBXHeadersBuildPhase section */

/* Begin PBXNativeTarget section */
		22E992721AB4703F00CC92CA /* XamarinSoxBindings */ = {
			isa = PBXNativeTarget;
			buildConfigurationList = 22E992771AB4703F00CC92CA /* Build configuration list for PBXNativeTarget "XamarinSoxBindings" */;
			buildPhases = (
				22E9926F1AB4703F00CC92CA /* Sources */,
				22E992701AB4703F00CC92CA /* Frameworks */,
				22E992711AB4703F00CC92CA /* Headers */,
			);
			buildRules = (
			);
			dependencies = (
			);
			name = XamarinSoxBindings;
			productName = XamarinSoxBindings;
			productReference = 22E992731AB4703F00CC92CA /* libXamarinSoxBindings.a */;
			productType = "com.apple.product-type.library.static";
		};
/* End PBXNativeTarget section */

/* Begin PBXProject section */
		22E9926B1AB4703F00CC92CA /* Project object */ = {
			isa = PBXProject;
			attributes = {
				LastUpgradeCheck = 0620;
				ORGANIZATIONNAME = "Oleg Tyshchenko";
				TargetAttributes = {
					22E992721AB4703F00CC92CA = {
						CreatedOnToolsVersion = 6.2;
					};
				};
			};
			buildConfigurationList = 22E9926E1AB4703F00CC92CA /* Build configuration list for PBXProject "XamarinSoxBindings" */;
			compatibilityVersion = "Xcode 3.2";
			developmentRegion = English;
			hasScannedForEncodings = 0;
			knownRegions = (
				en,
			);
			mainGroup = 22E9926A1AB4703F00CC92CA;
			productRefGroup = 22E992741AB4703F00CC92CA /* Products */;
			projectDirPath = "";
			projectRoot = "";
			targets = (
				22E992721AB4703F00CC92CA /* XamarinSoxBindings */,
			);
		};
/* End PBXProject section */

/* Begin PBXSourcesBuildPhase section */
		22E9926F1AB4703F00CC92CA /* Sources */ = {
			isa = PBXSourcesBuildPhase;
			buildActionMask = 2147483647;
			files = (
				22E9927E1AB4709F00CC92CA /* soxxamarinbindings.c in Sources */,
			);
			runOnlyForDeploymentPostprocessing = 0;
		};
/* End PBXSourcesBuildPhase section */

/* Begin XCBuildConfiguration section */
		22E992751AB4703F00CC92CA /* Debug */ = {
			isa = XCBuildConfiguration;
			buildSettings = {
				ALWAYS_SEARCH_USER_PATHS = NO;
				CLANG_CXX_LANGUAGE_STANDARD = "gnu++0x";
				CLANG_CXX_LIBRARY = "libc++";
				CLANG_ENABLE_MODULES = YES;
				CLANG_ENABLE_OBJC_ARC = YES;
				CLANG_WARN_BOOL_CONVERSION = YES;
				CLANG_WARN_CONSTANT_CONVERSION = YES;
				CLANG_WARN_DIRECT_OBJC_ISA_USAGE = YES_ERROR;
				CLANG_WARN_EMPTY_BODY = YES;
				CLANG_WARN_ENUM_CONVERSION = YES;
				CLANG_WARN_INT_CONVERSION = YES;
				CLANG_WARN_OBJC_ROOT_CLASS = YES_ERROR;
				CLANG_WARN_UNREACHABLE_CODE = YES;
				CLANG_WARN__DUPLICATE_METHOD_MATCH = YES;
				COPY_PHASE_STRIP = NO;
				ENABLE_STRICT_OBJC_MSGSEND = YES;
				GCC_C_LANGUAGE_STANDARD = gnu99;
				GCC_DYNAMIC_NO_PIC = NO;
				GCC_OPTIMIZATION_LEVEL = 0;
				GCC_PREPROCESSOR_DEFINITIONS = (
					"DEBUG=1",
					"$(inherited)",
				);
				GCC_SYMBOLS_PRIVATE_EXTERN = NO;
				GCC_WARN_64_TO_32_BIT_CONVERSION = YES;
				GCC_WARN_ABOUT_RETURN_TYPE = YES_ERROR;
				GCC_WARN_UNDECLARED_SELECTOR = YES;
				GCC_WARN_UNINITIALIZED_AUTOS = YES_AGGRESSIVE;
				GCC_WARN_UNUSED_FUNCTION = YES;
				GCC_WARN_UNUSED_VARIABLE = YES;
				MACOSX_DEPLOYMENT_TARGET = 10.9;
				MTL_ENABLE_DEBUG_INFO = YES;
				ONLY_ACTIVE_ARCH = YES;
				SDKROOT = macosx;
			};
			name = Debug;
		};
		22E992761AB4703F00CC92CA /* Release */ = {
			isa = XCBuildConfiguration;
			buildSettings = {
				ALWAYS_SEARCH_USER_PATHS = NO;
				CLANG_CXX_LANGUAGE_STANDARD = "gnu++0x";
				CLANG_CXX_LIBRARY = "libc++";
				CLANG_ENABLE_MODULES = YES;
				CLANG_ENABLE_OBJC_ARC = YES;
				CLANG_WARN_BOOL_CONVERSION = YES;
				CLANG_WARN_CONSTANT_CONVERSION = YES;
				CLANG_WARN_DIRECT_OBJC_ISA_USAGE = YES_ERROR;
				CLANG_WARN_EMPTY_BODY = YES;
				CLANG_WARN_ENUM_CONVERSION = YES;
				CLANG_WARN_INT_CONVERSION = YES;
				CLANG_WARN_OBJC_ROOT_CLASS = YES_ERROR;
				CLANG_WARN_UNREACHABLE_CODE = YES;
				CLANG_WARN__DUPLICATE_METHOD_MATCH = YES;
				COPY_PHASE_STRIP = NO;
				DEBUG_INFORMATION_FORMAT = "dwarf-with-dsym";
				ENABLE_NS_ASSERTIONS = NO;
				ENABLE_STRICT_OBJC_MSGSEND = YES;
				GCC_C_LANGUAGE_STANDARD = gnu99;
				GCC_WARN_64_TO_32_BIT_CONVERSION = YES;
				GCC_WARN_ABOUT_RETURN_TYPE = YES_ERROR;
				GCC_WARN_UNDECLARED_SELECTOR = YES;
				GCC_WARN_UNINITIALIZED_AUTOS = YES_AGGRESSIVE;
				GCC_WARN_UNUSED_FUNCTION = YES;
				GCC_WARN_UNUSED_VARIABLE = YES;
				MACOSX_DEPLOYMENT_TARGET = 10.9;
				MTL_ENABLE_DEBUG_INFO = NO;
				SDKROOT = macosx;
			};
			name = Release;
		};
		22E992781AB4703F00CC92CA /* Debug */ = {
			isa = XCBuildConfiguration;
			buildSettings = {
				ADDITIONAL_SDKS = "";
				ARCHS = (
					"$(ARCHS_STANDARD)",
					armv7s,
				);
				EXECUTABLE_PREFIX = lib;
				LIBRARY_SEARCH_PATHS = (
					"$(inherited)",
					/Users/kilgort/Desktop,
					"$(PROJECT_DIR)",
				);
				ONLY_ACTIVE_ARCH = NO;
				PRODUCT_NAME = "$(TARGET_NAME)";
				SDKROOT = iphoneos;
				SUPPORTED_PLATFORMS = "iphonesimulator iphoneos";
			};
			name = Debug;
		};
		22E992791AB4703F00CC92CA /* Release */ = {
			isa = XCBuildConfiguration;
			buildSettings = {
				ADDITIONAL_SDKS = "";
				ARCHS = (
					"$(ARCHS_STANDARD)",
					armv7s,
				);
				EXECUTABLE_PREFIX = lib;
				LIBRARY_SEARCH_PATHS = (
					"$(inherited)",
					/Users/kilgort/Desktop,
					"$(PROJECT_DIR)",
				);
				ONLY_ACTIVE_ARCH = NO;
				PRODUCT_NAME = "$(TARGET_NAME)";
				SDKROOT = iphoneos;
				SUPPORTED_PLATFORMS = "iphonesimulator iphoneos";
			};
			name = Release;
		};
/* End XCBuildConfiguration section */

/* Begin XCConfigurationList section */
		22E9926E1AB4703F00CC92CA /* Build configuration list for PBXProject "XamarinSoxBindings" */ = {
			isa = XCConfigurationList;
			buildConfigurations = (
				22E992751AB4703F00CC92CA /* Debug */,
				22E992761AB4703F00CC92CA /* Release */,
			);
			defaultConfigurationIsVisible = 0;
			defaultConfigurationName = Release;
		};
		22E992771AB4703F00CC92CA /* Build configuration list for PBXNativeTarget "XamarinSoxBindings" */ = {
			isa = XCConfigurationList;
			buildConfigurations = (
				22E992781AB4703F00CC92CA /* Debug */,
				22E992791AB4703F00CC92CA /* Release */,
			);
			defaultConfigurationIsVisible = 0;
			defaultConfigurationName = Release;
		};
/* End XCConfigurationList section */
	};
	rootObject = 22E9926B1AB4703F00CC92CA /* Project object */;
}
